
Microsoft Visual Studio Solution File, Format Version 12.00
# Visual Studio 15
VisualStudioVersion = 15.0.27130.2020
MinimumVisualStudioVersion = 10.0.40219.1
Project("{8BC9CEB8-8B4A-11D0-8D11-00A0C91BC942}") = "Server", "Server\Server.vcxproj", "{7857DC45-43E3-41CF-9DE8-5D5CCB875D05}"
EndProject
Project("{8BC9CEB8-8B4A-11D0-8D11-00A0C91BC942}") = "ClientC++Test", "ClientC++Test\ClientC++Test.vcxproj", "{AA483F7E-4142-4D4D-906E-BE8C5DFDB1DA}"
EndProject
Project("{FAE04EC0-301F-11D3-BF4B-00C04F79EFBC}") = "Client", "Client\Client.csproj", "{6FEC5BD1-9776-467D-818B-CF2FCA4EC5B6}"
EndProject
Global
	GlobalSection(SolutionConfigurationPlatforms) = preSolution
		Debug|Any CPU = Debug|Any CPU
		Debug|x64 = Debug|x64
		Debug|x86 = Debug|x86
		Release|Any CPU = Release|Any CPU
		Release|x64 = Release|x64
		Release|x86 = Release|x86
	EndGlobalSection
	GlobalSection(ProjectConfigurationPlatforms) = postSolution
		{7857DC45-43E3-41CF-9DE8-5D5CCB875D05}.Debug|Any CPU.ActiveCfg = Debug|Win32
		{7857DC45-43E3-41CF-9DE8-5D5CCB875D05}.Debug|x64.ActiveCfg = Debug|x64
		{7857DC45-43E3-41CF-9DE8-5D5CCB875D05}.Debug|x64.Build.0 = Debug|x64
		{7857DC45-43E3-41CF-9DE8-5D5CCB875D05}.Debug|x86.ActiveCfg = Debug|Win32
		{7857DC45-43E3-41CF-9DE8-5D5CCB875D05}.Debug|x86.Build.0 = Debug|Win32
		{7857DC45-43E3-41CF-9DE8-5D5CCB875D05}.Release|Any CPU.ActiveCfg = Release|Win32
		{7857DC45-43E3-41CF-9DE8-5D5CCB875D05}.Release|x64.ActiveCfg = Release|x64
		{7857DC45-43E3-41CF-9DE8-5D5CCB875D05}.Release|x64.Build.0 = Release|x64
		{7857DC45-43E3-41CF-9DE8-5D5CCB875D05}.Release|x86.ActiveCfg = Release|Win32
		{7857DC45-43E3-41CF-9DE8-5D5CCB875D05}.Release|x86.Build.0 = Release|Win32
		{AA483F7E-4142-4D4D-906E-BE8C5DFDB1DA}.Debug|Any CPU.ActiveCfg = Debug|Win32
		{AA483F7E-4142-4D4D-906E-BE8C5DFDB1DA}.Debug|x64.ActiveCfg = Debug|x64
		{AA483F7E-4142-4D4D-906E-BE8C5DFDB1DA}.Debug|x64.Build.0 = Debug|x64
		{AA483F7E-4142-4D4D-906E-BE8C5DFDB1DA}.Debug|x86.ActiveCfg = Debug|Win32
		{AA483F7E-4142-4D4D-906E-BE8C5DFDB1DA}.Debug|x86.Build.0 = Debug|Win32
		{AA483F7E-4142-4D4D-906E-BE8C5DFDB1DA}.Release|Any CPU.ActiveCfg = Release|Win32
		{AA483F7E-4142-4D4D-906E-BE8C5DFDB1DA}.Release|x64.ActiveCfg = Release|x64
		{AA483F7E-4142-4D4D-906E-BE8C5DFDB1DA}.Release|x64.Build.0 = Release|x64
		{AA483F7E-4142-4D4D-906E-BE8C5DFDB1DA}.Release|x86.ActiveCfg = Release|Win32
		{AA483F7E-4142-4D4D-906E-BE8C5DFDB1DA}.Release|x86.Build.0 = Release|Win32
		{6FEC5BD1-9776-467D-818B-CF2FCA4EC5B6}.Debug|Any CPU.ActiveCfg = Debug|Any CPU
		{6FEC5BD1-9776-467D-818B-CF2FCA4EC5B6}.Debug|Any CPU.Build.0 = Debug|Any CPU
		{6FEC5BD1-9776-467D-818B-CF2FCA4EC5B6}.Debug|x64.ActiveCfg = Debug|Any CPU
		{6FEC5BD1-9776-467D-818B-CF2FCA4EC5B6}.Debug|x64.Build.0 = Debug|Any CPU
		{6FEC5BD1-9776-467D-818B-CF2FCA4EC5B6}.Debug|x86.ActiveCfg = Debug|Any CPU
		{6FEC5BD1-9776-467D-818B-CF2FCA4EC5B6}.Debug|x86.Build.0 = Debug|Any CPU
		{6FEC5BD1-9776-467D-818B-CF2FCA4EC5B6}.Release|Any CPU.ActiveCfg = Release|Any CPU
		{6FEC5BD1-9776-467D-818B-CF2FCA4EC5B6}.Release|Any CPU.Build.0 = Release|Any CPU
		{6FEC5BD1-9776-467D-818B-CF2FCA4EC5B6}.Release|x64.ActiveCfg = Release|Any CPU
		{6FEC5BD1-9776-467D-818B-CF2FCA4EC5B6}.Release|x64.Build.0 = Release|Any CPU
		{6FEC5BD1-9776-467D-818B-CF2FCA4EC5B6}.Release|x86.ActiveCfg = Release|Any CPU
		{6FEC5BD1-9776-467D-818B-CF2FCA4EC5B6}.Release|x86.Build.0 = Release|Any CPU
	EndGlobalSection
	GlobalSection(SolutionProperties) = preSolution
		HideSolutionNode = FALSE
	EndGlobalSection
	GlobalSection(ExtensibilityGlobals) = postSolution
		SolutionGuid = {13346C2A-5512-4606-AD73-0AA54EBAE9C9}
	EndGlobalSection
EndGlobal
